{
  "name": "@geocodeearth/autocomplete",
  "version": "0.0.1",
  "lockfileVersion": 2,
  "requires": true,
  "packages": {
    "": {
      "name": "@geocodeearth/autocomplete",
      "version": "0.0.1",
      "license": "MIT",
      "dependencies": {
        "downshift": "6.1.3",
        "lodash.debounce": "^4.0.8",
        "react": "^17.0.2",
        "react-dom": "^17.0.2"
      },
      "devDependencies": {
        "esbuild": "^0.11.21",
        "fs-extra": "^9.1.0"
      }
    },
    "node_modules/@babel/runtime": {
      "version": "7.13.10",
      "license": "MIT",
      "dependencies": {
        "regenerator-runtime": "^0.13.4"
      }
    },
    "node_modules/at-least-node": {
      "version": "1.0.0",
      "dev": true,
      "license": "ISC",
      "engines": {
        "node": ">= 4.0.0"
      }
    },
    "node_modules/compute-scroll-into-view": {
      "version": "1.0.17",
      "license": "MIT"
    },
    "node_modules/downshift": {
      "version": "6.1.3",
      "resolved": "https://registry.npmjs.org/downshift/-/downshift-6.1.3.tgz",
      "integrity": "sha512-RA1MuaNcTbt0j+sVLhSs8R2oZbBXYAtdQP/V+uHhT3DoDteZzJPjlC+LQVm9T07Wpvo84QXaZtUCePLDTDwGXg==",
      "dependencies": {
        "@babel/runtime": "^7.13.10",
        "compute-scroll-into-view": "^1.0.17",
        "prop-types": "^15.7.2",
        "react-is": "^17.0.2"
      },
      "peerDependencies": {
        "react": ">=16.12.0"
      }
    },
    "node_modules/esbuild": {
      "version": "0.11.21",
      "resolved": "https://registry.npmjs.org/esbuild/-/esbuild-0.11.21.tgz",
      "integrity": "sha512-FqpYdJqiTeLDbj3vqxc/fG8UmHIEvQrDaUxSw1oJf4giLd/tnMDUUlXellCjOab7qGKQ5hUFD5eQgmO+tkZeow==",
      "dev": true,
      "hasInstallScript": true,
      "bin": {
        "esbuild": "bin/esbuild"
      }
    },
    "node_modules/fs-extra": {
      "version": "9.1.0",
      "dev": true,
      "license": "MIT",
      "dependencies": {
        "at-least-node": "^1.0.0",
        "graceful-fs": "^4.2.0",
        "jsonfile": "^6.0.1",
        "universalify": "^2.0.0"
      },
      "engines": {
        "node": ">=10"
      }
    },
    "node_modules/graceful-fs": {
      "version": "4.2.6",
      "dev": true,
      "license": "ISC"
    },
    "node_modules/js-tokens": {
      "version": "4.0.0",
      "license": "MIT"
    },
    "node_modules/jsonfile": {
      "version": "6.1.0",
      "dev": true,
      "license": "MIT",
      "dependencies": {
        "universalify": "^2.0.0"
      },
      "optionalDependencies": {
        "graceful-fs": "^4.1.6"
      }
    },
    "node_modules/lodash.debounce": {
      "version": "4.0.8",
      "license": "MIT"
    },
    "node_modules/loose-envify": {
      "version": "1.4.0",
      "license": "MIT",
      "dependencies": {
        "js-tokens": "^3.0.0 || ^4.0.0"
      },
      "bin": {
        "loose-envify": "cli.js"
      }
    },
    "node_modules/object-assign": {
      "version": "4.1.1",
      "license": "MIT",
      "engines": {
        "node": ">=0.10.0"
      }
    },
    "node_modules/prop-types": {
      "version": "15.7.2",
      "license": "MIT",
      "dependencies": {
        "loose-envify": "^1.4.0",
        "object-assign": "^4.1.1",
        "react-is": "^16.8.1"
      }
    },
    "node_modules/prop-types/node_modules/react-is": {
      "version": "16.13.1",
      "license": "MIT"
    },
    "node_modules/react": {
      "version": "17.0.2",
      "license": "MIT",
      "dependencies": {
        "loose-envify": "^1.1.0",
        "object-assign": "^4.1.1"
      },
      "engines": {
        "node": ">=0.10.0"
      }
    },
    "node_modules/react-dom": {
      "version": "17.0.2",
      "license": "MIT",
      "dependencies": {
        "loose-envify": "^1.1.0",
        "object-assign": "^4.1.1",
        "scheduler": "^0.20.2"
      },
      "peerDependencies": {
        "react": "17.0.2"
      }
    },
    "node_modules/react-is": {
      "version": "17.0.2",
      "license": "MIT"
    },
    "node_modules/regenerator-runtime": {
      "version": "0.13.7",
      "license": "MIT"
    },
    "node_modules/scheduler": {
      "version": "0.20.2",
      "license": "MIT",
      "dependencies": {
        "loose-envify": "^1.1.0",
        "object-assign": "^4.1.1"
      }
    },
    "node_modules/universalify": {
      "version": "2.0.0",
      "dev": true,
      "license": "MIT",
      "engines": {
        "node": ">= 10.0.0"
      }
    }
  },
  "dependencies": {
    "@babel/runtime": {
      "version": "7.13.10",
      "requires": {
        "regenerator-runtime": "^0.13.4"
      }
    },
    "at-least-node": {
      "version": "1.0.0",
      "dev": true
    },
    "compute-scroll-into-view": {
      "version": "1.0.17"
    },
    "downshift": {
      "version": "6.1.3",
      "resolved": "https://registry.npmjs.org/downshift/-/downshift-6.1.3.tgz",
      "integrity": "sha512-RA1MuaNcTbt0j+sVLhSs8R2oZbBXYAtdQP/V+uHhT3DoDteZzJPjlC+LQVm9T07Wpvo84QXaZtUCePLDTDwGXg==",
      "requires": {
        "@babel/runtime": "^7.13.10",
        "compute-scroll-into-view": "^1.0.17",
        "prop-types": "^15.7.2",
        "react-is": "^17.0.2"
      }
    },
    "esbuild": {
      "version": "0.11.21",
      "resolved": "https://registry.npmjs.org/esbuild/-/esbuild-0.11.21.tgz",
      "integrity": "sha512-FqpYdJqiTeLDbj3vqxc/fG8UmHIEvQrDaUxSw1oJf4giLd/tnMDUUlXellCjOab7qGKQ5hUFD5eQgmO+tkZeow==",
      "dev": true
    },
    "fs-extra": {
      "version": "9.1.0",
      "dev": true,
      "requires": {
        "at-least-node": "^1.0.0",
        "graceful-fs": "^4.2.0",
        "jsonfile": "^6.0.1",
        "universalify": "^2.0.0"
      }
    },
    "graceful-fs": {
      "version": "4.2.6",
      "dev": true
    },
    "js-tokens": {
      "version": "4.0.0"
    },
    "jsonfile": {
      "version": "6.1.0",
      "dev": true,
      "requires": {
        "graceful-fs": "^4.1.6",
        "universalify": "^2.0.0"
      }
    },
    "lodash.debounce": {
      "version": "4.0.8"
    },
    "loose-envify": {
      "version": "1.4.0",
      "requires": {
        "js-tokens": "^3.0.0 || ^4.0.0"
      }
    },
    "object-assign": {
      "version": "4.1.1"
    },
    "prop-types": {
      "version": "15.7.2",
      "requires": {
        "loose-envify": "^1.4.0",
        "object-assign": "^4.1.1",
        "react-is": "^16.8.1"
      },
      "dependencies": {
        "react-is": {
          "version": "16.13.1"
        }
      }
    },
    "react": {
      "version": "17.0.2",
      "requires": {
        "loose-envify": "^1.1.0",
        "object-assign": "^4.1.1"
      }
    },
    "react-dom": {
      "version": "17.0.2",
      "requires": {
        "loose-envify": "^1.1.0",
        "object-assign": "^4.1.1",
        "scheduler": "^0.20.2"
      }
    },
    "react-is": {
      "version": "17.0.2"
    },
    "regenerator-runtime": {
      "version": "0.13.7"
    },
    "scheduler": {
      "version": "0.20.2",
      "requires": {
        "loose-envify": "^1.1.0",
        "object-assign": "^4.1.1"
      }
    },
    "universalify": {
      "version": "2.0.0",
      "dev": true
    }
  }
}
